// !$*UTF8*$!
{
	archiveVersion = 1;
	classes = {
	};
	objectVersion = 55;
	objects = {

/* Begin PBXBuildFile section */
		3639BDE6299DBF3F000417BA /* AppDelegate.swift in Sources */ = {isa = PBXBuildFile; fileRef = 3639BDE5299DBF3F000417BA /* AppDelegate.swift */; };
		3639BDE8299DBF3F000417BA /* SceneDelegate.swift in Sources */ = {isa = PBXBuildFile; fileRef = 3639BDE7299DBF3F000417BA /* SceneDelegate.swift */; };
		3639BDEA299DBF3F000417BA /* ViewController.swift in Sources */ = {isa = PBXBuildFile; fileRef = 3639BDE9299DBF3F000417BA /* ViewController.swift */; };
		3639BDED299DBF3F000417BA /* Main.storyboard in Resources */ = {isa = PBXBuildFile; fileRef = 3639BDEB299DBF3F000417BA /* Main.storyboard */; };
		3639BDEF299DBF40000417BA /* Assets.xcassets in Resources */ = {isa = PBXBuildFile; fileRef = 3639BDEE299DBF40000417BA /* Assets.xcassets */; };
		3639BDF2299DBF40000417BA /* LaunchScreen.storyboard in Resources */ = {isa = PBXBuildFile; fileRef = 3639BDF0299DBF40000417BA /* LaunchScreen.storyboard */; };
		3639BDFA299DC4F8000417BA /* CustomTableViewCell.swift in Sources */ = {isa = PBXBuildFile; fileRef = 3639BDF9299DC4F8000417BA /* CustomTableViewCell.swift */; };
		3639BDFE299E0E5F000417BA /* NamaPaket.swift in Sources */ = {isa = PBXBuildFile; fileRef = 3639BDFD299E0E5F000417BA /* NamaPaket.swift */; };
/* End PBXBuildFile section */

/* Begin PBXFileReference section */
		3639BDE2299DBF3F000417BA /* latihan2.app */ = {isa = PBXFileReference; explicitFileType = wrapper.application; includeInIndex = 0; path = latihan2.app; sourceTree = BUILT_PRODUCTS_DIR; };
		3639BDE5299DBF3F000417BA /* AppDelegate.swift */ = {isa = PBXFileReference; lastKnownFileType = sourcecode.swift; path = AppDelegate.swift; sourceTree = "<group>"; };
		3639BDE7299DBF3F000417BA /* SceneDelegate.swift */ = {isa = PBXFileReference; lastKnownFileType = sourcecode.swift; path = SceneDelegate.swift; sourceTree = "<group>"; };
		3639BDE9299DBF3F000417BA /* ViewController.swift */ = {isa = PBXFileReference; lastKnownFileType = sourcecode.swift; path = ViewController.swift; sourceTree = "<group>"; };
		3639BDEC299DBF3F000417BA /* Base */ = {isa = PBXFileReference; lastKnownFileType = file.storyboard; name = Base; path = Base.lproj/Main.storyboard; sourceTree = "<group>"; };
		3639BDEE299DBF40000417BA /* Assets.xcassets */ = {isa = PBXFileReference; lastKnownFileType = folder.assetcatalog; path = Assets.xcassets; sourceTree = "<group>"; };
		3639BDF1299DBF40000417BA /* Base */ = {isa = PBXFileReference; lastKnownFileType = file.storyboard; name = Base; path = Base.lproj/LaunchScreen.storyboard; sourceTree = "<group>"; };
		3639BDF3299DBF40000417BA /* Info.plist */ = {isa = PBXFileReference; lastKnownFileType = text.plist.xml; path = Info.plist; sourceTree = "<group>"; };
		3639BDF9299DC4F8000417BA /* CustomTableViewCell.swift */ = {isa = PBXFileReference; lastKnownFileType = sourcecode.swift; path = CustomTableViewCell.swift; sourceTree = "<group>"; };
		3639BDFD299E0E5F000417BA /* NamaPaket.swift */ = {isa = PBXFileReference; lastKnownFileType = sourcecode.swift; path = NamaPaket.swift; sourceTree = "<group>"; };
/* End PBXFileReference section */

/* Begin PBXFrameworksBuildPhase section */
		3639BDDF299DBF3F000417BA /* Frameworks */ = {
			isa = PBXFrameworksBuildPhase;
			buildActionMask = 2147483647;
			files = (
			);
			runOnlyForDeploymentPostprocessing = 0;
		};
/* End PBXFrameworksBuildPhase section */

/* Begin PBXGroup section */
		3639BDD9299DBF3F000417BA = {
			isa = PBXGroup;
			children = (
				3639BDE4299DBF3F000417BA /* latihan2 */,
				3639BDE3299DBF3F000417BA /* Products */,
			);
			sourceTree = "<group>";
		};
		3639BDE3299DBF3F000417BA /* Products */ = {
			isa = PBXGroup;
			children = (
				3639BDE2299DBF3F000417BA /* latihan2.app */,
			);
			name = Products;
			sourceTree = "<group>";
		};
		3639BDE4299DBF3F000417BA /* latihan2 */ = {
			isa = PBXGroup;
			children = (
				3639BDE5299DBF3F000417BA /* AppDelegate.swift */,
				3639BDE7299DBF3F000417BA /* SceneDelegate.swift */,
				3639BDE9299DBF3F000417BA /* ViewController.swift */,
				3639BDF9299DC4F8000417BA /* CustomTableViewCell.swift */,
				3639BDEB299DBF3F000417BA /* Main.storyboard */,
				3639BDEE299DBF40000417BA /* Assets.xcassets */,
				3639BDF0299DBF40000417BA /* LaunchScreen.storyboard */,
				3639BDF3299DBF40000417BA /* Info.plist */,
				3639BDFD299E0E5F000417BA /* NamaPaket.swift */,
			);
			path = latihan2;
			sourceTree = "<group>";
		};
/* End PBXGroup section */

/* Begin PBXNativeTarget section */
		3639BDE1299DBF3F000417BA /* latihan2 */ = {
			isa = PBXNativeTarget;
			buildConfigurationList = 3639BDF6299DBF40000417BA /* Build configuration list for PBXNativeTarget "latihan2" */;
			buildPhases = (
				3639BDDE299DBF3F000417BA /* Sources */,
				3639BDDF299DBF3F000417BA /* Frameworks */,
				3639BDE0299DBF3F000417BA /* Resources */,
			);
			buildRules = (
			);
			dependencies = (
			);
			name = latihan2;
			productName = latihan2;
			productReference = 3639BDE2299DBF3F000417BA /* latihan2.app */;
			productType = "com.apple.product-type.application";
		};
/* End PBXNativeTarget section */

/* Begin PBXProject section */
		3639BDDA299DBF3F000417BA /* Project object */ = {
			isa = PBXProject;
			attributes = {
				BuildIndependentTargetsInParallel = 1;
				LastSwiftUpdateCheck = 1340;
				LastUpgradeCheck = 1340;
				TargetAttributes = {
					3639BDE1299DBF3F000417BA = {
						CreatedOnToolsVersion = 13.4.1;
					};
				};
			};
			buildConfigurationList = 3639BDDD299DBF3F000417BA /* Build configuration list for PBXProject "latihan2" */;
			compatibilityVersion = "Xcode 13.0";
			developmentRegion = en;
			hasScannedForEncodings = 0;
			knownRegions = (
				en,
				Base,
			);
			mainGroup = 3639BDD9299DBF3F000417BA;
			productRefGroup = 3639BDE3299DBF3F000417BA /* Products */;
			projectDirPath = "";
			projectRoot = "";
			targets = (
				3639BDE1299DBF3F000417BA /* latihan2 */,
			);
		};
/* End PBXProject section */

/* Begin PBXResourcesBuildPhase section */
		3639BDE0299DBF3F000417BA /* Resources */ = {
			isa = PBXResourcesBuildPhase;
			buildActionMask = 2147483647;
			files = (
				3639BDF2299DBF40000417BA /* LaunchScreen.storyboard in Resources */,
				3639BDEF299DBF40000417BA /* Assets.xcassets in Resources */,
				3639BDED299DBF3F000417BA /* Main.storyboard in Resources */,
			);
			runOnlyForDeploymentPostprocessing = 0;
		};
/* End PBXResourcesBuildPhase section */

/* Begin PBXSourcesBuildPhase section */
		3639BDDE299DBF3F000417BA /* Sources */ = {
			isa = PBXSourcesBuildPhase;
			buildActionMask = 2147483647;
			files = (
				3639BDEA299DBF3F000417BA /* ViewController.swift in Sources */,
				3639BDE6299DBF3F000417BA /* AppDelegate.swift in Sources */,
				3639BDFA299DC4F8000417BA /* CustomTableViewCell.swift in Sources */,
				3639BDFE299E0E5F000417BA /* NamaPaket.swift in Sources */,
				3639BDE8299DBF3F000417BA /* SceneDelegate.swift in Sources */,
			);
			runOnlyForDeploymentPostprocessing = 0;
		};
/* End PBXSourcesBuildPhase section */

/* Begin PBXVariantGroup section */
		3639BDEB299DBF3F000417BA /* Main.storyboard */ = {
			isa = PBXVariantGroup;
			children = (
				3639BDEC299DBF3F000417BA /* Base */,
			);
			name = Main.storyboard;
			sourceTree = "<group>";
		};
		3639BDF0299DBF40000417BA /* LaunchScreen.storyboard */ = {
			isa = PBXVariantGroup;
			children = (
				3639BDF1299DBF40000417BA /* Base */,
			);
			name = LaunchScreen.storyboard;
			sourceTree = "<group>";
		};
/* End PBXVariantGroup section */

/* Begin XCBuildConfiguration section */
		3639BDF4299DBF40000417BA /* Debug */ = {
			isa = XCBuildConfiguration;
			buildSettings = {
				ALWAYS_SEARCH_USER_PATHS = NO;
				CLANG_ANALYZER_NONNULL = YES;
				CLANG_ANALYZER_NUMBER_OBJECT_CONVERSION = YES_AGGRESSIVE;
				CLANG_CXX_LANGUAGE_STANDARD = "gnu++17";
				CLANG_ENABLE_MODULES = YES;
				CLANG_ENABLE_OBJC_ARC = YES;
				CLANG_ENABLE_OBJC_WEAK = YES;
				CLANG_WARN_BLOCK_CAPTURE_AUTORELEASING = YES;
				CLANG_WARN_BOOL_CONVERSION = YES;
				CLANG_WARN_COMMA = YES;
				CLANG_WARN_CONSTANT_CONVERSION = YES;
				CLANG_WARN_DEPRECATED_OBJC_IMPLEMENTATIONS = YES;
				CLANG_WARN_DIRECT_OBJC_ISA_USAGE = YES_ERROR;
				CLANG_WARN_DOCUMENTATION_COMMENTS = YES;
				CLANG_WARN_EMPTY_BODY = YES;
				CLANG_WARN_ENUM_CONVERSION = YES;
				CLANG_WARN_INFINITE_RECURSION = YES;
				CLANG_WARN_INT_CONVERSION = YES;
				CLANG_WARN_NON_LITERAL_NULL_CONVERSION = YES;
				CLANG_WARN_OBJC_IMPLICIT_RETAIN_SELF = YES;
				CLANG_WARN_OBJC_LITERAL_CONVERSION = YES;
				CLANG_WARN_OBJC_ROOT_CLASS = YES_ERROR;
				CLANG_WARN_QUOTED_INCLUDE_IN_FRAMEWORK_HEADER = YES;
				CLANG_WARN_RANGE_LOOP_ANALYSIS = YES;
				CLANG_WARN_STRICT_PROTOTYPES = YES;
				CLANG_WARN_SUSPICIOUS_MOVE = YES;
				CLANG_WARN_UNGUARDED_AVAILABILITY = YES_AGGRESSIVE;
				CLANG_WARN_UNREACHABLE_CODE = YES;
				CLANG_WARN__DUPLICATE_METHOD_MATCH = YES;
				COPY_PHASE_STRIP = NO;
				DEBUG_INFORMATION_FORMAT = dwarf;
				ENABLE_STRICT_OBJC_MSGSEND = YES;
				ENABLE_TESTABILITY = YES;
				GCC_C_LANGUAGE_STANDARD = gnu11;
				GCC_DYNAMIC_NO_PIC = NO;
				GCC_NO_COMMON_BLOCKS = YES;
				GCC_OPTIMIZATION_LEVEL = 0;
				GCC_PREPROCESSOR_DEFINITIONS = (
					"DEBUG=1",
					"$(inherited)",
				);
				GCC_WARN_64_TO_32_BIT_CONVERSION = YES;
				GCC_WARN_ABOUT_RETURN_TYPE = YES_ERROR;
				GCC_WARN_UNDECLARED_SELECTOR = YES;
				GCC_WARN_UNINITIALIZED_AUTOS = YES_AGGRESSIVE;
				GCC_WARN_UNUSED_FUNCTION = YES;
				GCC_WARN_UNUSED_VARIABLE = YES;
				IPHONEOS_DEPLOYMENT_TARGET = 15.5;
				MTL_ENABLE_DEBUG_INFO = INCLUDE_SOURCE;
				MTL_FAST_MATH = YES;
				ONLY_ACTIVE_ARCH = YES;
				SDKROOT = iphoneos;
				SWIFT_ACTIVE_COMPILATION_CONDITIONS = DEBUG;
				SWIFT_OPTIMIZATION_LEVEL = "-Onone";
			};
			name = Debug;
		};
		3639BDF5299DBF40000417BA /* Release */ = {
			isa = XCBuildConfiguration;
			buildSettings = {
				ALWAYS_SEARCH_USER_PATHS = NO;
				CLANG_ANALYZER_NONNULL = YES;
				CLANG_ANALYZER_NUMBER_OBJECT_CONVERSION = YES_AGGRESSIVE;
				CLANG_CXX_LANGUAGE_STANDARD = "gnu++17";
				CLANG_ENABLE_MODULES = YES;
				CLANG_ENABLE_OBJC_ARC = YES;
				CLANG_ENABLE_OBJC_WEAK = YES;
				CLANG_WARN_BLOCK_CAPTURE_AUTORELEASING = YES;
				CLANG_WARN_BOOL_CONVERSION = YES;
				CLANG_WARN_COMMA = YES;
				CLANG_WARN_CONSTANT_CONVERSION = YES;
				CLANG_WARN_DEPRECATED_OBJC_IMPLEMENTATIONS = YES;
				CLANG_WARN_DIRECT_OBJC_ISA_USAGE = YES_ERROR;
				CLANG_WARN_DOCUMENTATION_COMMENTS = YES;
				CLANG_WARN_EMPTY_BODY = YES;
				CLANG_WARN_ENUM_CONVERSION = YES;
				CLANG_WARN_INFINITE_RECURSION = YES;
				CLANG_WARN_INT_CONVERSION = YES;
				CLANG_WARN_NON_LITERAL_NULL_CONVERSION = YES;
				CLANG_WARN_OBJC_IMPLICIT_RETAIN_SELF = YES;
				CLANG_WARN_OBJC_LITERAL_CONVERSION = YES;
				CLANG_WARN_OBJC_ROOT_CLASS = YES_ERROR;
				CLANG_WARN_QUOTED_INCLUDE_IN_FRAMEWORK_HEADER = YES;
				CLANG_WARN_RANGE_LOOP_ANALYSIS = YES;
				CLANG_WARN_STRICT_PROTOTYPES = YES;
				CLANG_WARN_SUSPICIOUS_MOVE = YES;
				CLANG_WARN_UNGUARDED_AVAILABILITY = YES_AGGRESSIVE;
				CLANG_WARN_UNREACHABLE_CODE = YES;
				CLANG_WARN__DUPLICATE_METHOD_MATCH = YES;
				COPY_PHASE_STRIP = NO;
				DEBUG_INFORMATION_FORMAT = "dwarf-with-dsym";
				ENABLE_NS_ASSERTIONS = NO;
				ENABLE_STRICT_OBJC_MSGSEND = YES;
				GCC_C_LANGUAGE_STANDARD = gnu11;
				GCC_NO_COMMON_BLOCKS = YES;
				GCC_WARN_64_TO_32_BIT_CONVERSION = YES;
				GCC_WARN_ABOUT_RETURN_TYPE = YES_ERROR;
				GCC_WARN_UNDECLARED_SELECTOR = YES;
				GCC_WARN_UNINITIALIZED_AUTOS = YES_AGGRESSIVE;
				GCC_WARN_UNUSED_FUNCTION = YES;
				GCC_WARN_UNUSED_VARIABLE = YES;
				IPHONEOS_DEPLOYMENT_TARGET = 15.5;
				MTL_ENABLE_DEBUG_INFO = NO;
				MTL_FAST_MATH = YES;
				SDKROOT = iphoneos;
				SWIFT_COMPILATION_MODE = wholemodule;
				SWIFT_OPTIMIZATION_LEVEL = "-O";
				VALIDATE_PRODUCT = YES;
			};
			name = Release;
		};
		3639BDF7299DBF40000417BA /* Debug */ = {
			isa = XCBuildConfiguration;
			buildSettings = {
				ASSETCATALOG_COMPILER_APPICON_NAME = AppIcon;
				ASSETCATALOG_COMPILER_GLOBAL_ACCENT_COLOR_NAME = AccentColor;
				CODE_SIGN_STYLE = Automatic;
				CURRENT_PROJECT_VERSION = 1;
				GENERATE_INFOPLIST_FILE = YES;
				INFOPLIST_FILE = latihan2/Info.plist;
				INFOPLIST_KEY_UIApplicationSupportsIndirectInputEvents = YES;
				INFOPLIST_KEY_UILaunchStoryboardName = LaunchScreen;
				INFOPLIST_KEY_UISupportedInterfaceOrientations_iPad = "UIInterfaceOrientationPortrait UIInterfaceOrientationPortraitUpsideDown UIInterfaceOrientationLandscapeLeft UIInterfaceOrientationLandscapeRight";
				INFOPLIST_KEY_UISupportedInterfaceOrientations_iPhone = "UIInterfaceOrientationPortrait UIInterfaceOrientationLandscapeLeft UIInterfaceOrientationLandscapeRight";
				LD_RUNPATH_SEARCH_PATHS = (
					"$(inherited)",
					"@executable_path/Frameworks",
				);
				MARKETING_VERSION = 1.0;
				PRODUCT_BUNDLE_IDENTIFIER = Tes.latihan2;
				PRODUCT_NAME = "$(TARGET_NAME)";
				SWIFT_EMIT_LOC_STRINGS = YES;
				SWIFT_VERSION = 5.0;
				TARGETED_DEVICE_FAMILY = "1,2";
			};
			name = Debug;
		};
		3639BDF8299DBF40000417BA /* Release */ = {
			isa = XCBuildConfiguration;
			buildSettings = {
				ASSETCATALOG_COMPILER_APPICON_NAME = AppIcon;
				ASSETCATALOG_COMPILER_GLOBAL_ACCENT_COLOR_NAME = AccentColor;
				CODE_SIGN_STYLE = Automatic;
				CURRENT_PROJECT_VERSION = 1;
				GENERATE_INFOPLIST_FILE = YES;
				INFOPLIST_FILE = latihan2/Info.plist;
				INFOPLIST_KEY_UIApplicationSupportsIndirectInputEvents = YES;
				INFOPLIST_KEY_UILaunchStoryboardName = LaunchScreen;
				INFOPLIST_KEY_UISupportedInterfaceOrientations_iPad = "UIInterfaceOrientationPortrait UIInterfaceOrientationPortraitUpsideDown UIInterfaceOrientationLandscapeLeft UIInterfaceOrientationLandscapeRight";
				INFOPLIST_KEY_UISupportedInterfaceOrientations_iPhone = "UIInterfaceOrientationPortrait UIInterfaceOrientationLandscapeLeft UIInterfaceOrientationLandscapeRight";
				LD_RUNPATH_SEARCH_PATHS = (
					"$(inherited)",
					"@executable_path/Frameworks",
				);
				MARKETING_VERSION = 1.0;
				PRODUCT_BUNDLE_IDENTIFIER = Tes.latihan2;
				PRODUCT_NAME = "$(TARGET_NAME)";
				SWIFT_EMIT_LOC_STRINGS = YES;
				SWIFT_VERSION = 5.0;
				TARGETED_DEVICE_FAMILY = "1,2";
			};
			name = Release;
		};
/* End XCBuildConfiguration section */

/* Begin XCConfigurationList section */
		3639BDDD299DBF3F000417BA /* Build configuration list for PBXProject "latihan2" */ = {
			isa = XCConfigurationList;
			buildConfigurations = (
				3639BDF4299DBF40000417BA /* Debug */,
				3639BDF5299DBF40000417BA /* Release */,
			);
			defaultConfigurationIsVisible = 0;
			defaultConfigurationName = Release;
		};
		3639BDF6299DBF40000417BA /* Build configuration list for PBXNativeTarget "latihan2" */ = {
			isa = XCConfigurationList;
			buildConfigurations = (
				3639BDF7299DBF40000417BA /* Debug */,
				3639BDF8299DBF40000417BA /* Release */,
			);
			defaultConfigurationIsVisible = 0;
			defaultConfigurationName = Release;
		};
/* End XCConfigurationList section */
	};
	rootObject = 3639BDDA299DBF3F000417BA /* Project object */;
}
